
Microsoft Visual Studio Solution File, Format Version 11.00
# Visual Studio 2010
Project("{FAE04EC0-301F-11D3-BF4B-00C04F79EFBC}") = "azureconfig", "azureconfig\azureconfig.csproj", "{9F3AAF25-DE32-41D7-B96A-DD8F28CE8ED8}"
EndProject
Project("{FAE04EC0-301F-11D3-BF4B-00C04F79EFBC}") = "ServiceManagement", "ServiceManagement\ServiceManagement.csproj", "{AD1291A3-7664-4BA1-8816-ECD58A745EFD}"
EndProject
Global
	GlobalSection(SolutionConfigurationPlatforms) = preSolution
		Debug|Any CPU = Debug|Any CPU
		Release|Any CPU = Release|Any CPU
	EndGlobalSection
	GlobalSection(ProjectConfigurationPlatforms) = postSolution
		{9F3AAF25-DE32-41D7-B96A-DD8F28CE8ED8}.Debug|Any CPU.ActiveCfg = Debug|Any CPU
		{9F3AAF25-DE32-41D7-B96A-DD8F28CE8ED8}.Debug|Any CPU.Build.0 = Debug|Any CPU
		{9F3AAF25-DE32-41D7-B96A-DD8F28CE8ED8}.Release|Any CPU.ActiveCfg = Release|Any CPU
		{9F3AAF25-DE32-41D7-B96A-DD8F28CE8ED8}.Release|Any CPU.Build.0 = Release|Any CPU
		{AD1291A3-7664-4BA1-8816-ECD58A745EFD}.Debug|Any CPU.ActiveCfg = Debug|Any CPU
		{AD1291A3-7664-4BA1-8816-ECD58A745EFD}.Debug|Any CPU.Build.0 = Debug|Any CPU
		{AD1291A3-7664-4BA1-8816-ECD58A745EFD}.Release|Any CPU.ActiveCfg = Release|Any CPU
		{AD1291A3-7664-4BA1-8816-ECD58A745EFD}.Release|Any CPU.Build.0 = Release|Any CPU
	EndGlobalSection
	GlobalSection(SolutionProperties) = preSolution
		HideSolutionNode = FALSE
	EndGlobalSection
EndGlobal
