
Microsoft Visual Studio Solution File, Format Version 11.00
# Visual Web Developer Express 2010
Project("{CC5FD16D-436D-48AD-A40C-5A424C6E3E79}") = "template", "GigaSpacesWorkerRoles\template.ccproj", "{05E45CBC-5194-4FC0-B50C-91723B2EB07A}"
EndProject
Project("{FAE04EC0-301F-11D3-BF4B-00C04F79EFBC}") = "management", "management\management.csproj", "{5AEBB1F7-D0D0-4E00-9DF1-F14051FBCBC9}"
	ProjectSection(ProjectDependencies) = postProject
		{BD53CA5C-DB06-47E3-8638-B5E2DE7FE05E} = {BD53CA5C-DB06-47E3-8638-B5E2DE7FE05E}
	EndProjectSection
EndProject
Project("{FAE04EC0-301F-11D3-BF4B-00C04F79EFBC}") = "ui", "ui\ui.csproj", "{45981EAC-44A3-4C6B-BD24-3FAB23636AA4}"
	ProjectSection(ProjectDependencies) = postProject
		{BD53CA5C-DB06-47E3-8638-B5E2DE7FE05E} = {BD53CA5C-DB06-47E3-8638-B5E2DE7FE05E}
	EndProjectSection
EndProject
Project("{FAE04EC0-301F-11D3-BF4B-00C04F79EFBC}") = "internal", "internal\internal.csproj", "{69322817-BC57-48F4-809D-0A080ED1338E}"
	ProjectSection(ProjectDependencies) = postProject
		{BD53CA5C-DB06-47E3-8638-B5E2DE7FE05E} = {BD53CA5C-DB06-47E3-8638-B5E2DE7FE05E}
	EndProjectSection
EndProject
Project("{FAE04EC0-301F-11D3-BF4B-00C04F79EFBC}") = "RoleCommon", "RoleCommon\RoleCommon.csproj", "{BD53CA5C-DB06-47E3-8638-B5E2DE7FE05E}"
EndProject
Global
	GlobalSection(SolutionConfigurationPlatforms) = preSolution
		Debug|Any CPU = Debug|Any CPU
		Release|Any CPU = Release|Any CPU
	EndGlobalSection
	GlobalSection(ProjectConfigurationPlatforms) = postSolution
		{05E45CBC-5194-4FC0-B50C-91723B2EB07A}.Debug|Any CPU.ActiveCfg = Debug|Any CPU
		{05E45CBC-5194-4FC0-B50C-91723B2EB07A}.Debug|Any CPU.Build.0 = Debug|Any CPU
		{05E45CBC-5194-4FC0-B50C-91723B2EB07A}.Release|Any CPU.ActiveCfg = Release|Any CPU
		{05E45CBC-5194-4FC0-B50C-91723B2EB07A}.Release|Any CPU.Build.0 = Release|Any CPU
		{5AEBB1F7-D0D0-4E00-9DF1-F14051FBCBC9}.Debug|Any CPU.ActiveCfg = Debug|Any CPU
		{5AEBB1F7-D0D0-4E00-9DF1-F14051FBCBC9}.Debug|Any CPU.Build.0 = Debug|Any CPU
		{5AEBB1F7-D0D0-4E00-9DF1-F14051FBCBC9}.Release|Any CPU.ActiveCfg = Release|Any CPU
		{5AEBB1F7-D0D0-4E00-9DF1-F14051FBCBC9}.Release|Any CPU.Build.0 = Release|Any CPU
		{45981EAC-44A3-4C6B-BD24-3FAB23636AA4}.Debug|Any CPU.ActiveCfg = Debug|Any CPU
		{45981EAC-44A3-4C6B-BD24-3FAB23636AA4}.Debug|Any CPU.Build.0 = Debug|Any CPU
		{45981EAC-44A3-4C6B-BD24-3FAB23636AA4}.Release|Any CPU.ActiveCfg = Release|Any CPU
		{45981EAC-44A3-4C6B-BD24-3FAB23636AA4}.Release|Any CPU.Build.0 = Release|Any CPU
		{69322817-BC57-48F4-809D-0A080ED1338E}.Debug|Any CPU.ActiveCfg = Debug|Any CPU
		{69322817-BC57-48F4-809D-0A080ED1338E}.Debug|Any CPU.Build.0 = Debug|Any CPU
		{69322817-BC57-48F4-809D-0A080ED1338E}.Release|Any CPU.ActiveCfg = Release|Any CPU
		{69322817-BC57-48F4-809D-0A080ED1338E}.Release|Any CPU.Build.0 = Release|Any CPU
		{BD53CA5C-DB06-47E3-8638-B5E2DE7FE05E}.Debug|Any CPU.ActiveCfg = Debug|Any CPU
		{BD53CA5C-DB06-47E3-8638-B5E2DE7FE05E}.Debug|Any CPU.Build.0 = Debug|Any CPU
		{BD53CA5C-DB06-47E3-8638-B5E2DE7FE05E}.Release|Any CPU.ActiveCfg = Release|Any CPU
		{BD53CA5C-DB06-47E3-8638-B5E2DE7FE05E}.Release|Any CPU.Build.0 = Release|Any CPU
	EndGlobalSection
	GlobalSection(SolutionProperties) = preSolution
		HideSolutionNode = FALSE
	EndGlobalSection
EndGlobal
